
Microsoft Visual Studio Solution File, Format Version 12.00
# Visual Studio Version 16
VisualStudioVersion = 16.0.29411.108
MinimumVisualStudioVersion = 10.0.40219.1
Project("{FAE04EC0-301F-11D3-BF4B-00C04F79EFBC}") = "Chotiskazal.Bot", "Chotiskazal.Bot\Chotiskazal.Bot.csproj", "{062FDFAD-43A8-4FAA-9A8F-E4E34048E61E}"
EndProject
Project("{FAE04EC0-301F-11D3-BF4B-00C04F79EFBC}") = "SayWhat.MongoDAL", "SayWhat.MongoDAL\SayWhat.MongoDAL.csproj", "{A043597E-32B7-4240-B6CB-69107498ACC9}"
EndProject
Project("{FAE04EC0-301F-11D3-BF4B-00C04F79EFBC}") = "SayWhat.Tests", "SayWhat.Tests\SayWhat.Tests.csproj", "{D9E98C0F-EB45-4BA7-868F-305BD0EE3D07}"
EndProject
Project("{FAE04EC0-301F-11D3-BF4B-00C04F79EFBC}") = "SayWhat.Bll", "SayWhat.Bll\SayWhat.Bll.csproj", "{D6FF280F-C200-483A-B619-4D5B6F0013F9}"
EndProject
Project("{FAE04EC0-301F-11D3-BF4B-00C04F79EFBC}") = "Chotiskazal.Investigation", "Chotiskazal.Investigation\Chotiskazal.Investigation.csproj", "{1984F152-FB6A-4EBE-A68A-B81F409881F7}"
EndProject
Project("{2150E333-8FDC-42A3-9474-1A3956D46DE8}") = "NonBotTools", "NonBotTools", "{BBF5CFF3-AB81-4711-B8BF-DA3D79086675}"
EndProject
Project("{FAE04EC0-301F-11D3-BF4B-00C04F79EFBC}") = "PureVocabBuilder", "PureVocabBuilder\PureVocabBuilder.csproj", "{A7C55158-CD2B-4303-A82F-A60CEFA6F57E}"
EndProject
Project("{FAE04EC0-301F-11D3-BF4B-00C04F79EFBC}") = "SayWhat.UnitTests", "SayWhat.UnitTests\SayWhat.UnitTests.csproj", "{89314E6C-866E-437A-A741-07D9AF3BEF63}"
EndProject
Project("{FAE04EC0-301F-11D3-BF4B-00C04F79EFBC}") = "TestPolingApi", "TestPolingApi\TestPolingApi.csproj", "{416B5541-0535-4129-AD3E-01457E35EF1C}"
EndProject
Global
	GlobalSection(SolutionConfigurationPlatforms) = preSolution
		Debug|Any CPU = Debug|Any CPU
		Release|Any CPU = Release|Any CPU
	EndGlobalSection
	GlobalSection(ProjectConfigurationPlatforms) = postSolution
		{062FDFAD-43A8-4FAA-9A8F-E4E34048E61E}.Debug|Any CPU.ActiveCfg = Debug|Any CPU
		{062FDFAD-43A8-4FAA-9A8F-E4E34048E61E}.Debug|Any CPU.Build.0 = Debug|Any CPU
		{062FDFAD-43A8-4FAA-9A8F-E4E34048E61E}.Release|Any CPU.ActiveCfg = Release|Any CPU
		{062FDFAD-43A8-4FAA-9A8F-E4E34048E61E}.Release|Any CPU.Build.0 = Release|Any CPU
		{A043597E-32B7-4240-B6CB-69107498ACC9}.Debug|Any CPU.ActiveCfg = Debug|Any CPU
		{A043597E-32B7-4240-B6CB-69107498ACC9}.Debug|Any CPU.Build.0 = Debug|Any CPU
		{A043597E-32B7-4240-B6CB-69107498ACC9}.Release|Any CPU.ActiveCfg = Release|Any CPU
		{A043597E-32B7-4240-B6CB-69107498ACC9}.Release|Any CPU.Build.0 = Release|Any CPU
		{D9E98C0F-EB45-4BA7-868F-305BD0EE3D07}.Debug|Any CPU.ActiveCfg = Debug|Any CPU
		{D9E98C0F-EB45-4BA7-868F-305BD0EE3D07}.Debug|Any CPU.Build.0 = Debug|Any CPU
		{D9E98C0F-EB45-4BA7-868F-305BD0EE3D07}.Release|Any CPU.ActiveCfg = Release|Any CPU
		{D9E98C0F-EB45-4BA7-868F-305BD0EE3D07}.Release|Any CPU.Build.0 = Release|Any CPU
		{D6FF280F-C200-483A-B619-4D5B6F0013F9}.Debug|Any CPU.ActiveCfg = Debug|Any CPU
		{D6FF280F-C200-483A-B619-4D5B6F0013F9}.Debug|Any CPU.Build.0 = Debug|Any CPU
		{D6FF280F-C200-483A-B619-4D5B6F0013F9}.Release|Any CPU.ActiveCfg = Release|Any CPU
		{D6FF280F-C200-483A-B619-4D5B6F0013F9}.Release|Any CPU.Build.0 = Release|Any CPU
		{1984F152-FB6A-4EBE-A68A-B81F409881F7}.Debug|Any CPU.ActiveCfg = Debug|Any CPU
		{1984F152-FB6A-4EBE-A68A-B81F409881F7}.Debug|Any CPU.Build.0 = Debug|Any CPU
		{1984F152-FB6A-4EBE-A68A-B81F409881F7}.Release|Any CPU.ActiveCfg = Release|Any CPU
		{1984F152-FB6A-4EBE-A68A-B81F409881F7}.Release|Any CPU.Build.0 = Release|Any CPU
		{A7C55158-CD2B-4303-A82F-A60CEFA6F57E}.Debug|Any CPU.ActiveCfg = Debug|Any CPU
		{A7C55158-CD2B-4303-A82F-A60CEFA6F57E}.Debug|Any CPU.Build.0 = Debug|Any CPU
		{A7C55158-CD2B-4303-A82F-A60CEFA6F57E}.Release|Any CPU.ActiveCfg = Release|Any CPU
		{A7C55158-CD2B-4303-A82F-A60CEFA6F57E}.Release|Any CPU.Build.0 = Release|Any CPU
		{89314E6C-866E-437A-A741-07D9AF3BEF63}.Debug|Any CPU.ActiveCfg = Debug|Any CPU
		{89314E6C-866E-437A-A741-07D9AF3BEF63}.Debug|Any CPU.Build.0 = Debug|Any CPU
		{89314E6C-866E-437A-A741-07D9AF3BEF63}.Release|Any CPU.ActiveCfg = Release|Any CPU
		{89314E6C-866E-437A-A741-07D9AF3BEF63}.Release|Any CPU.Build.0 = Release|Any CPU
		{416B5541-0535-4129-AD3E-01457E35EF1C}.Debug|Any CPU.ActiveCfg = Debug|Any CPU
		{416B5541-0535-4129-AD3E-01457E35EF1C}.Debug|Any CPU.Build.0 = Debug|Any CPU
		{416B5541-0535-4129-AD3E-01457E35EF1C}.Release|Any CPU.ActiveCfg = Release|Any CPU
		{416B5541-0535-4129-AD3E-01457E35EF1C}.Release|Any CPU.Build.0 = Release|Any CPU
	EndGlobalSection
	GlobalSection(SolutionProperties) = preSolution
		HideSolutionNode = FALSE
	EndGlobalSection
	GlobalSection(ExtensibilityGlobals) = postSolution
		SolutionGuid = {72ABC5CB-90D7-4E3D-B0E1-151C1BB1D7BE}
	EndGlobalSection
	GlobalSection(NestedProjects) = preSolution
		{1984F152-FB6A-4EBE-A68A-B81F409881F7} = {BBF5CFF3-AB81-4711-B8BF-DA3D79086675}
		{A7C55158-CD2B-4303-A82F-A60CEFA6F57E} = {BBF5CFF3-AB81-4711-B8BF-DA3D79086675}
	EndGlobalSection
EndGlobal
