
Microsoft Visual Studio Solution File, Format Version 12.00
# Visual Studio Version 16
VisualStudioVersion = 16.0.29411.108
MinimumVisualStudioVersion = 10.0.40219.1
Project("{9A19103F-16F7-4668-BE54-9A1E7A4F7556}") = "Chotiskazal.App", "Chotiskazal.App\Chotiskazal.App.csproj", "{1AEAFC94-8A20-4D50-99DF-B13E92FA39B2}"
EndProject
Project("{9A19103F-16F7-4668-BE54-9A1E7A4F7556}") = "Chotiskazal.Logic", "Chotiskazal.Logic\Chotiskazal.Logic.csproj", "{5BE1AC92-5E0A-4F7C-B9CA-C811A6EE6616}"
EndProject
Project("{9A19103F-16F7-4668-BE54-9A1E7A4F7556}") = "Chotiskazal.RestApp", "Chotiskazal.RestApp\Chotiskazal.RestApp.csproj", "{93A07AF9-903A-4039-ACDC-1F140F6D5EFF}"
EndProject
Project("{9A19103F-16F7-4668-BE54-9A1E7A4F7556}") = "Chotiskazal.Tests", "Chotiskazal.Tests\Chotiskazal.Tests.csproj", "{8457BA39-C2B4-48A5-A75E-0C8F9D89FCD6}"
EndProject
Project("{FAE04EC0-301F-11D3-BF4B-00C04F79EFBC}") = "Chotiskazal.Dal", "Chotiskazal.Dal\Chotiskazal.Dal.csproj", "{F4306F53-5B8E-4B16-8453-0D25C70575C2}"
EndProject
Global
	GlobalSection(SolutionConfigurationPlatforms) = preSolution
		Debug|Any CPU = Debug|Any CPU
		Release|Any CPU = Release|Any CPU
	EndGlobalSection
	GlobalSection(ProjectConfigurationPlatforms) = postSolution
		{1AEAFC94-8A20-4D50-99DF-B13E92FA39B2}.Debug|Any CPU.ActiveCfg = Debug|Any CPU
		{1AEAFC94-8A20-4D50-99DF-B13E92FA39B2}.Debug|Any CPU.Build.0 = Debug|Any CPU
		{1AEAFC94-8A20-4D50-99DF-B13E92FA39B2}.Release|Any CPU.ActiveCfg = Release|Any CPU
		{1AEAFC94-8A20-4D50-99DF-B13E92FA39B2}.Release|Any CPU.Build.0 = Release|Any CPU
		{5BE1AC92-5E0A-4F7C-B9CA-C811A6EE6616}.Debug|Any CPU.ActiveCfg = Debug|Any CPU
		{5BE1AC92-5E0A-4F7C-B9CA-C811A6EE6616}.Debug|Any CPU.Build.0 = Debug|Any CPU
		{5BE1AC92-5E0A-4F7C-B9CA-C811A6EE6616}.Release|Any CPU.ActiveCfg = Release|Any CPU
		{5BE1AC92-5E0A-4F7C-B9CA-C811A6EE6616}.Release|Any CPU.Build.0 = Release|Any CPU
		{93A07AF9-903A-4039-ACDC-1F140F6D5EFF}.Debug|Any CPU.ActiveCfg = Debug|Any CPU
		{93A07AF9-903A-4039-ACDC-1F140F6D5EFF}.Debug|Any CPU.Build.0 = Debug|Any CPU
		{93A07AF9-903A-4039-ACDC-1F140F6D5EFF}.Release|Any CPU.ActiveCfg = Release|Any CPU
		{93A07AF9-903A-4039-ACDC-1F140F6D5EFF}.Release|Any CPU.Build.0 = Release|Any CPU
		{8457BA39-C2B4-48A5-A75E-0C8F9D89FCD6}.Debug|Any CPU.ActiveCfg = Debug|Any CPU
		{8457BA39-C2B4-48A5-A75E-0C8F9D89FCD6}.Debug|Any CPU.Build.0 = Debug|Any CPU
		{8457BA39-C2B4-48A5-A75E-0C8F9D89FCD6}.Release|Any CPU.ActiveCfg = Release|Any CPU
		{8457BA39-C2B4-48A5-A75E-0C8F9D89FCD6}.Release|Any CPU.Build.0 = Release|Any CPU
		{F4306F53-5B8E-4B16-8453-0D25C70575C2}.Debug|Any CPU.ActiveCfg = Debug|Any CPU
		{F4306F53-5B8E-4B16-8453-0D25C70575C2}.Debug|Any CPU.Build.0 = Debug|Any CPU
		{F4306F53-5B8E-4B16-8453-0D25C70575C2}.Release|Any CPU.ActiveCfg = Release|Any CPU
		{F4306F53-5B8E-4B16-8453-0D25C70575C2}.Release|Any CPU.Build.0 = Release|Any CPU
	EndGlobalSection
	GlobalSection(SolutionProperties) = preSolution
		HideSolutionNode = FALSE
	EndGlobalSection
	GlobalSection(ExtensibilityGlobals) = postSolution
		SolutionGuid = {72ABC5CB-90D7-4E3D-B0E1-151C1BB1D7BE}
	EndGlobalSection
EndGlobal
